
Microsoft Visual Studio Solution File, Format Version 12.00
# Visual Studio Version 17
VisualStudioVersion = 17.8.34322.80
MinimumVisualStudioVersion = 10.0.40219.1
Project("{9A19103F-16F7-4668-BE54-9A1E7A4F7556}") = "EasySave", "EasySave\EasySave.csproj", "{B4E51F3E-12AD-4BE4-B57E-E0AF6F1E23B7}"
EndProject
Project("{FAE04EC0-301F-11D3-BF4B-00C04F79EFBC}") = "WPF", "WPF\WPF.csproj", "{CBCAB655-CE0F-402F-B249-453FC642E62F}"
EndProject
Global
	GlobalSection(SolutionConfigurationPlatforms) = preSolution
		Debug|Any CPU = Debug|Any CPU
		Release|Any CPU = Release|Any CPU
	EndGlobalSection
	GlobalSection(ProjectConfigurationPlatforms) = postSolution
		{B4E51F3E-12AD-4BE4-B57E-E0AF6F1E23B7}.Debug|Any CPU.ActiveCfg = Debug|Any CPU
		{B4E51F3E-12AD-4BE4-B57E-E0AF6F1E23B7}.Debug|Any CPU.Build.0 = Debug|Any CPU
		{B4E51F3E-12AD-4BE4-B57E-E0AF6F1E23B7}.Release|Any CPU.ActiveCfg = Release|Any CPU
		{B4E51F3E-12AD-4BE4-B57E-E0AF6F1E23B7}.Release|Any CPU.Build.0 = Release|Any CPU
		{CBCAB655-CE0F-402F-B249-453FC642E62F}.Debug|Any CPU.ActiveCfg = Debug|Any CPU
		{CBCAB655-CE0F-402F-B249-453FC642E62F}.Debug|Any CPU.Build.0 = Debug|Any CPU
		{CBCAB655-CE0F-402F-B249-453FC642E62F}.Release|Any CPU.ActiveCfg = Release|Any CPU
		{CBCAB655-CE0F-402F-B249-453FC642E62F}.Release|Any CPU.Build.0 = Release|Any CPU
	EndGlobalSection
	GlobalSection(SolutionProperties) = preSolution
		HideSolutionNode = FALSE
	EndGlobalSection
	GlobalSection(ExtensibilityGlobals) = postSolution
		SolutionGuid = {C5B470CE-6535-4AB8-B829-8F031871805A}
	EndGlobalSection
EndGlobal
